
Microsoft Visual Studio Solution File, Format Version 12.00
# Visual Studio 15
VisualStudioVersion = 15.0.28307.852
MinimumVisualStudioVersion = 10.0.40219.1
Project("{FAE04EC0-301F-11D3-BF4B-00C04F79EFBC}") = "Assignment4", "Assignment4\Assignment4.csproj", "{CE2D954E-B954-4C97-898F-E13F11C14027}"
EndProject
Global
	GlobalSection(SolutionConfigurationPlatforms) = preSolution
		Debug|Any CPU = Debug|Any CPU
		Release|Any CPU = Release|Any CPU
	EndGlobalSection
	GlobalSection(ProjectConfigurationPlatforms) = postSolution
		{CE2D954E-B954-4C97-898F-E13F11C14027}.Debug|Any CPU.ActiveCfg = Debug|Any CPU
		{CE2D954E-B954-4C97-898F-E13F11C14027}.Debug|Any CPU.Build.0 = Debug|Any CPU
		{CE2D954E-B954-4C97-898F-E13F11C14027}.Release|Any CPU.ActiveCfg = Release|Any CPU
		{CE2D954E-B954-4C97-898F-E13F11C14027}.Release|Any CPU.Build.0 = Release|Any CPU
	EndGlobalSection
	GlobalSection(SolutionProperties) = preSolution
		HideSolutionNode = FALSE
	EndGlobalSection
	GlobalSection(ExtensibilityGlobals) = postSolution
		SolutionGuid = {D996AE4B-439A-4866-914C-EC34851D1A3B}
	EndGlobalSection
EndGlobal
